
Microsoft Visual Studio Solution File, Format Version 12.00
# Visual Studio Version 16
VisualStudioVersion = 16.0.33214.272
MinimumVisualStudioVersion = 10.0.40219.1
Project("{FAE04EC0-301F-11D3-BF4B-00C04F79EFBC}") = "Mission06_murdodav", "Mission06_murdodav\Mission06_murdodav.csproj", "{DE1D08E3-5758-4913-BDC9-9D2BBB2BF73B}"
EndProject
Global
	GlobalSection(SolutionConfigurationPlatforms) = preSolution
		Debug|Any CPU = Debug|Any CPU
		Release|Any CPU = Release|Any CPU
	EndGlobalSection
	GlobalSection(ProjectConfigurationPlatforms) = postSolution
		{DE1D08E3-5758-4913-BDC9-9D2BBB2BF73B}.Debug|Any CPU.ActiveCfg = Debug|Any CPU
		{DE1D08E3-5758-4913-BDC9-9D2BBB2BF73B}.Debug|Any CPU.Build.0 = Debug|Any CPU
		{DE1D08E3-5758-4913-BDC9-9D2BBB2BF73B}.Release|Any CPU.ActiveCfg = Release|Any CPU
		{DE1D08E3-5758-4913-BDC9-9D2BBB2BF73B}.Release|Any CPU.Build.0 = Release|Any CPU
	EndGlobalSection
	GlobalSection(SolutionProperties) = preSolution
		HideSolutionNode = FALSE
	EndGlobalSection
	GlobalSection(ExtensibilityGlobals) = postSolution
		SolutionGuid = {6EB9C210-ACE7-4312-8641-6CC594EEAE02}
	EndGlobalSection
EndGlobal
